{
    "name": "CodeNameZetaAndroidApp",
    "version": "1.0.0",
    "lockfileVersion": 1,
    "requires": true,
    "dependencies": {
        "cordova-plugin-googleplus": {
            "version": "git+https://github.com/EddyVerbruggen/cordova-plugin-googleplus.git#4895ca397ca89b4fae006f5968c3f85844a76c89"
        }
    }
}
